{
  "nodes": {
    "nixpkgs": {
      "locked": {
        "lastModified": 1729836381,
        "narHash": "sha256-tYjZSNW5iKz0nM6Spegpu2QlzZu1oiYQ1YHndn+52g8=",
        "owner": "NixOS",
        "repo": "nixpkgs",
        "rev": "e4a128a45064fa5606a784b3de9b4820ea1c2890",
        "type": "github"
      },
      "original": {
        "owner": "NixOS",
        "repo": "nixpkgs",
        "type": "github"
      }
    },
    "root": {
      "inputs": {
        "nixpkgs": "nixpkgs"
      }
    }
  },
  "root": "root",
  "version": 7
}
